{
  "requires": true,
  "lockfileVersion": 1,
  "dependencies": {
    "vm2": {
      "version": "3.8.0",
      "resolved": "https://registry.npmjs.org/vm2/-/vm2-3.8.0.tgz",
      "integrity": "sha512-NONkPUo3fTIHChCwy8IsZjUDj2q3OH6AX55AwknLHlNlH/xfoBbTc2hPCF1O8ns2Nt9vUIKsf4tSRt4oco6DGQ=="
    }
  }
}
