# THIS IS AN AUTOGENERATED FILE. DO NOT EDIT THIS FILE DIRECTLY.
# yarn lockfile v1


isolated-vm@^1.7.10:
  version "1.7.10"
  resolved "https://registry.yarnpkg.com/isolated-vm/-/isolated-vm-1.7.10.tgz#b93f91cc1f7095ce8869d66a41ecf85c1c92ad58"
  integrity sha512-B5fb4UWnSuHxNurC2cyM/dZ0PoISGyd0uYz8nJoarHxHezngsHH8ghLil6XuWLjGvhtS1JognqWyTGBmYYq8MQ==
